
Microsoft Visual Studio Solution File, Format Version 12.00
# Visual Studio Version 17
VisualStudioVersion = 17.0.31903.59
MinimumVisualStudioVersion = 10.0.40219.1
Project("{2150E333-8FDC-42A3-9474-1A3956D46DE8}") = "src", "src", "{40DA3366-7B07-47B9-8589-5C8DAA7B0383}"
EndProject
Project("{FAE04EC0-301F-11D3-BF4B-00C04F79EFBC}") = "EMS.Application", "src\EMS.Application\EMS.Application.csproj", "{4614DDB7-7861-415C-B9E3-2978FAD5ABDB}"
EndProject
Project("{FAE04EC0-301F-11D3-BF4B-00C04F79EFBC}") = "EMS.Contracts", "src\EMS.Contracts\EMS.Contracts.csproj", "{FD972A2E-2FF2-4758-962E-71375416FFCD}"
EndProject
Project("{FAE04EC0-301F-11D3-BF4B-00C04F79EFBC}") = "EMS.Domain", "src\EMS.Domain\EMS.Domain.csproj", "{5639C66A-F48E-4470-A75D-638D7DDBC914}"
EndProject
Project("{FAE04EC0-301F-11D3-BF4B-00C04F79EFBC}") = "EMS.Infrastructure", "src\EMS.Infrastructure\EMS.Infrastructure.csproj", "{A1EDEFC8-255F-49EB-9CAD-B2469E011BE1}"
EndProject
Project("{FAE04EC0-301F-11D3-BF4B-00C04F79EFBC}") = "EMS.Services.API", "src\EMS.Services.API\EMS.Services.API.csproj", "{AB6FC8F3-A884-4689-B9A5-C957F33E8EBE}"
EndProject
Project("{2150E333-8FDC-42A3-9474-1A3956D46DE8}") = "tests", "tests", "{5C6B76D6-EC4D-40ED-8E2D-BF2411BBEFA3}"
EndProject
Project("{2150E333-8FDC-42A3-9474-1A3956D46DE8}") = "UnitTests", "UnitTests", "{C875A24A-CA3A-4ABE-8F3F-8554AB8AD152}"
EndProject
Project("{FAE04EC0-301F-11D3-BF4B-00C04F79EFBC}") = "EMS.Application.UnitTests", "tests\UnitTests\EMS.Application.UnitTests\EMS.Application.UnitTests.csproj", "{91A66223-AF8F-4B40-BF31-82F55EE26253}"
EndProject
Project("{FAE04EC0-301F-11D3-BF4B-00C04F79EFBC}") = "EMS.Domain.UnitTests", "tests\UnitTests\EMS.Domain.UnitTests\EMS.Domain.UnitTests.csproj", "{2D6C470D-C7C0-4DA4-8832-FFFD49271E05}"
EndProject
Project("{FAE04EC0-301F-11D3-BF4B-00C04F79EFBC}") = "EMS.Infrastructure.UnitTests", "tests\UnitTests\EMS.Infrastructure.UnitTests\EMS.Infrastructure.UnitTests.csproj", "{B67ACB02-C9D3-4608-8FC8-5E16ACE1AF02}"
EndProject
Project("{FAE04EC0-301F-11D3-BF4B-00C04F79EFBC}") = "EMS.Services.API.UnitTests", "tests\UnitTests\EMS.Services.API.UnitTests\EMS.Services.API.UnitTests.csproj", "{2691E783-ADB5-4EDA-B66D-80475AA4D47A}"
EndProject
Project("{FAE04EC0-301F-11D3-BF4B-00C04F79EFBC}") = "EMS.UnitTests.Commons", "tests\UnitTests\EMS.UnitTests.Commons\EMS.UnitTests.Commons.csproj", "{2A24B37F-A921-49C5-8369-095C86B32235}"
EndProject
Global
	GlobalSection(SolutionConfigurationPlatforms) = preSolution
		Debug|Any CPU = Debug|Any CPU
		Release|Any CPU = Release|Any CPU
	EndGlobalSection
	GlobalSection(SolutionProperties) = preSolution
		HideSolutionNode = FALSE
	EndGlobalSection
	GlobalSection(ProjectConfigurationPlatforms) = postSolution
		{4614DDB7-7861-415C-B9E3-2978FAD5ABDB}.Debug|Any CPU.ActiveCfg = Debug|Any CPU
		{4614DDB7-7861-415C-B9E3-2978FAD5ABDB}.Debug|Any CPU.Build.0 = Debug|Any CPU
		{4614DDB7-7861-415C-B9E3-2978FAD5ABDB}.Release|Any CPU.ActiveCfg = Release|Any CPU
		{4614DDB7-7861-415C-B9E3-2978FAD5ABDB}.Release|Any CPU.Build.0 = Release|Any CPU
		{FD972A2E-2FF2-4758-962E-71375416FFCD}.Debug|Any CPU.ActiveCfg = Debug|Any CPU
		{FD972A2E-2FF2-4758-962E-71375416FFCD}.Debug|Any CPU.Build.0 = Debug|Any CPU
		{FD972A2E-2FF2-4758-962E-71375416FFCD}.Release|Any CPU.ActiveCfg = Release|Any CPU
		{FD972A2E-2FF2-4758-962E-71375416FFCD}.Release|Any CPU.Build.0 = Release|Any CPU
		{5639C66A-F48E-4470-A75D-638D7DDBC914}.Debug|Any CPU.ActiveCfg = Debug|Any CPU
		{5639C66A-F48E-4470-A75D-638D7DDBC914}.Debug|Any CPU.Build.0 = Debug|Any CPU
		{5639C66A-F48E-4470-A75D-638D7DDBC914}.Release|Any CPU.ActiveCfg = Release|Any CPU
		{5639C66A-F48E-4470-A75D-638D7DDBC914}.Release|Any CPU.Build.0 = Release|Any CPU
		{A1EDEFC8-255F-49EB-9CAD-B2469E011BE1}.Debug|Any CPU.ActiveCfg = Debug|Any CPU
		{A1EDEFC8-255F-49EB-9CAD-B2469E011BE1}.Debug|Any CPU.Build.0 = Debug|Any CPU
		{A1EDEFC8-255F-49EB-9CAD-B2469E011BE1}.Release|Any CPU.ActiveCfg = Release|Any CPU
		{A1EDEFC8-255F-49EB-9CAD-B2469E011BE1}.Release|Any CPU.Build.0 = Release|Any CPU
		{AB6FC8F3-A884-4689-B9A5-C957F33E8EBE}.Debug|Any CPU.ActiveCfg = Debug|Any CPU
		{AB6FC8F3-A884-4689-B9A5-C957F33E8EBE}.Debug|Any CPU.Build.0 = Debug|Any CPU
		{AB6FC8F3-A884-4689-B9A5-C957F33E8EBE}.Release|Any CPU.ActiveCfg = Release|Any CPU
		{AB6FC8F3-A884-4689-B9A5-C957F33E8EBE}.Release|Any CPU.Build.0 = Release|Any CPU
		{91A66223-AF8F-4B40-BF31-82F55EE26253}.Debug|Any CPU.ActiveCfg = Debug|Any CPU
		{91A66223-AF8F-4B40-BF31-82F55EE26253}.Debug|Any CPU.Build.0 = Debug|Any CPU
		{91A66223-AF8F-4B40-BF31-82F55EE26253}.Release|Any CPU.ActiveCfg = Release|Any CPU
		{91A66223-AF8F-4B40-BF31-82F55EE26253}.Release|Any CPU.Build.0 = Release|Any CPU
		{2D6C470D-C7C0-4DA4-8832-FFFD49271E05}.Debug|Any CPU.ActiveCfg = Debug|Any CPU
		{2D6C470D-C7C0-4DA4-8832-FFFD49271E05}.Debug|Any CPU.Build.0 = Debug|Any CPU
		{2D6C470D-C7C0-4DA4-8832-FFFD49271E05}.Release|Any CPU.ActiveCfg = Release|Any CPU
		{2D6C470D-C7C0-4DA4-8832-FFFD49271E05}.Release|Any CPU.Build.0 = Release|Any CPU
		{B67ACB02-C9D3-4608-8FC8-5E16ACE1AF02}.Debug|Any CPU.ActiveCfg = Debug|Any CPU
		{B67ACB02-C9D3-4608-8FC8-5E16ACE1AF02}.Debug|Any CPU.Build.0 = Debug|Any CPU
		{B67ACB02-C9D3-4608-8FC8-5E16ACE1AF02}.Release|Any CPU.ActiveCfg = Release|Any CPU
		{B67ACB02-C9D3-4608-8FC8-5E16ACE1AF02}.Release|Any CPU.Build.0 = Release|Any CPU
		{2691E783-ADB5-4EDA-B66D-80475AA4D47A}.Debug|Any CPU.ActiveCfg = Debug|Any CPU
		{2691E783-ADB5-4EDA-B66D-80475AA4D47A}.Debug|Any CPU.Build.0 = Debug|Any CPU
		{2691E783-ADB5-4EDA-B66D-80475AA4D47A}.Release|Any CPU.ActiveCfg = Release|Any CPU
		{2691E783-ADB5-4EDA-B66D-80475AA4D47A}.Release|Any CPU.Build.0 = Release|Any CPU
		{2A24B37F-A921-49C5-8369-095C86B32235}.Debug|Any CPU.ActiveCfg = Debug|Any CPU
		{2A24B37F-A921-49C5-8369-095C86B32235}.Debug|Any CPU.Build.0 = Debug|Any CPU
		{2A24B37F-A921-49C5-8369-095C86B32235}.Release|Any CPU.ActiveCfg = Release|Any CPU
		{2A24B37F-A921-49C5-8369-095C86B32235}.Release|Any CPU.Build.0 = Release|Any CPU
	EndGlobalSection
	GlobalSection(NestedProjects) = preSolution
		{4614DDB7-7861-415C-B9E3-2978FAD5ABDB} = {40DA3366-7B07-47B9-8589-5C8DAA7B0383}
		{FD972A2E-2FF2-4758-962E-71375416FFCD} = {40DA3366-7B07-47B9-8589-5C8DAA7B0383}
		{5639C66A-F48E-4470-A75D-638D7DDBC914} = {40DA3366-7B07-47B9-8589-5C8DAA7B0383}
		{A1EDEFC8-255F-49EB-9CAD-B2469E011BE1} = {40DA3366-7B07-47B9-8589-5C8DAA7B0383}
		{AB6FC8F3-A884-4689-B9A5-C957F33E8EBE} = {40DA3366-7B07-47B9-8589-5C8DAA7B0383}
		{C875A24A-CA3A-4ABE-8F3F-8554AB8AD152} = {5C6B76D6-EC4D-40ED-8E2D-BF2411BBEFA3}
		{91A66223-AF8F-4B40-BF31-82F55EE26253} = {C875A24A-CA3A-4ABE-8F3F-8554AB8AD152}
		{2D6C470D-C7C0-4DA4-8832-FFFD49271E05} = {C875A24A-CA3A-4ABE-8F3F-8554AB8AD152}
		{B67ACB02-C9D3-4608-8FC8-5E16ACE1AF02} = {C875A24A-CA3A-4ABE-8F3F-8554AB8AD152}
		{2691E783-ADB5-4EDA-B66D-80475AA4D47A} = {C875A24A-CA3A-4ABE-8F3F-8554AB8AD152}
		{2A24B37F-A921-49C5-8369-095C86B32235} = {C875A24A-CA3A-4ABE-8F3F-8554AB8AD152}
	EndGlobalSection
EndGlobal
