
Microsoft Visual Studio Solution File, Format Version 12.00
# Visual Studio Version 17
VisualStudioVersion = 17.0.31903.59
MinimumVisualStudioVersion = 10.0.40219.1
Project("{FAE04EC0-301F-11D3-BF4B-00C04F79EFBC}") = "EMS.Application", "EMS.Application\EMS.Application.csproj", "{9FF8A82C-C065-4A95-8035-741E6B30E568}"
EndProject
Project("{FAE04EC0-301F-11D3-BF4B-00C04F79EFBC}") = "EMS.Contracts", "EMS.Contracts\EMS.Contracts.csproj", "{31659C6A-0AEA-4F9E-A25F-7CB0ED14844D}"
EndProject
Project("{FAE04EC0-301F-11D3-BF4B-00C04F79EFBC}") = "EMS.Domain", "EMS.Domain\EMS.Domain.csproj", "{7CBF65FE-FBF0-423C-B510-97472BB8A8AF}"
EndProject
Project("{FAE04EC0-301F-11D3-BF4B-00C04F79EFBC}") = "EMS.Infrastructure", "EMS.Infrastructure\EMS.Infrastructure.csproj", "{C28FDAC4-1146-4F55-8B54-445A3711AB6A}"
EndProject
Project("{FAE04EC0-301F-11D3-BF4B-00C04F79EFBC}") = "EMS.Services.API", "EMS.Services.API\EMS.Services.API.csproj", "{BF8E0E58-F00E-4CBA-B9AF-5CF97233A58B}"
EndProject
Global
	GlobalSection(SolutionConfigurationPlatforms) = preSolution
		Debug|Any CPU = Debug|Any CPU
		Release|Any CPU = Release|Any CPU
	EndGlobalSection
	GlobalSection(SolutionProperties) = preSolution
		HideSolutionNode = FALSE
	EndGlobalSection
	GlobalSection(ProjectConfigurationPlatforms) = postSolution
		{9FF8A82C-C065-4A95-8035-741E6B30E568}.Debug|Any CPU.ActiveCfg = Debug|Any CPU
		{9FF8A82C-C065-4A95-8035-741E6B30E568}.Debug|Any CPU.Build.0 = Debug|Any CPU
		{9FF8A82C-C065-4A95-8035-741E6B30E568}.Release|Any CPU.ActiveCfg = Release|Any CPU
		{9FF8A82C-C065-4A95-8035-741E6B30E568}.Release|Any CPU.Build.0 = Release|Any CPU
		{31659C6A-0AEA-4F9E-A25F-7CB0ED14844D}.Debug|Any CPU.ActiveCfg = Debug|Any CPU
		{31659C6A-0AEA-4F9E-A25F-7CB0ED14844D}.Debug|Any CPU.Build.0 = Debug|Any CPU
		{31659C6A-0AEA-4F9E-A25F-7CB0ED14844D}.Release|Any CPU.ActiveCfg = Release|Any CPU
		{31659C6A-0AEA-4F9E-A25F-7CB0ED14844D}.Release|Any CPU.Build.0 = Release|Any CPU
		{7CBF65FE-FBF0-423C-B510-97472BB8A8AF}.Debug|Any CPU.ActiveCfg = Debug|Any CPU
		{7CBF65FE-FBF0-423C-B510-97472BB8A8AF}.Debug|Any CPU.Build.0 = Debug|Any CPU
		{7CBF65FE-FBF0-423C-B510-97472BB8A8AF}.Release|Any CPU.ActiveCfg = Release|Any CPU
		{7CBF65FE-FBF0-423C-B510-97472BB8A8AF}.Release|Any CPU.Build.0 = Release|Any CPU
		{C28FDAC4-1146-4F55-8B54-445A3711AB6A}.Debug|Any CPU.ActiveCfg = Debug|Any CPU
		{C28FDAC4-1146-4F55-8B54-445A3711AB6A}.Debug|Any CPU.Build.0 = Debug|Any CPU
		{C28FDAC4-1146-4F55-8B54-445A3711AB6A}.Release|Any CPU.ActiveCfg = Release|Any CPU
		{C28FDAC4-1146-4F55-8B54-445A3711AB6A}.Release|Any CPU.Build.0 = Release|Any CPU
		{BF8E0E58-F00E-4CBA-B9AF-5CF97233A58B}.Debug|Any CPU.ActiveCfg = Debug|Any CPU
		{BF8E0E58-F00E-4CBA-B9AF-5CF97233A58B}.Debug|Any CPU.Build.0 = Debug|Any CPU
		{BF8E0E58-F00E-4CBA-B9AF-5CF97233A58B}.Release|Any CPU.ActiveCfg = Release|Any CPU
		{BF8E0E58-F00E-4CBA-B9AF-5CF97233A58B}.Release|Any CPU.Build.0 = Release|Any CPU
	EndGlobalSection
EndGlobal
